
Microsoft Visual Studio Solution File, Format Version 12.00
# Visual Studio Version 17
VisualStudioVersion = 17.5.33530.505
MinimumVisualStudioVersion = 10.0.40219.1
Project("{FAE04EC0-301F-11D3-BF4B-00C04F79EFBC}") = "EvenOrOdd.Tests", "EvenOrOdd.Tests.csproj", "{723F7B5A-D717-43B1-98E7-8518F81AE7DF}"
EndProject
Project("{FAE04EC0-301F-11D3-BF4B-00C04F79EFBC}") = "EvenOrOdd", "..\EvenOrOdd\EvenOrOdd.csproj", "{E1EF8185-9967-4A76-BD25-E8DFE3B29F37}"
EndProject
Global
	GlobalSection(SolutionConfigurationPlatforms) = preSolution
		Debug|Any CPU = Debug|Any CPU
		Release|Any CPU = Release|Any CPU
	EndGlobalSection
	GlobalSection(ProjectConfigurationPlatforms) = postSolution
		{723F7B5A-D717-43B1-98E7-8518F81AE7DF}.Debug|Any CPU.ActiveCfg = Debug|Any CPU
		{723F7B5A-D717-43B1-98E7-8518F81AE7DF}.Debug|Any CPU.Build.0 = Debug|Any CPU
		{723F7B5A-D717-43B1-98E7-8518F81AE7DF}.Release|Any CPU.ActiveCfg = Release|Any CPU
		{723F7B5A-D717-43B1-98E7-8518F81AE7DF}.Release|Any CPU.Build.0 = Release|Any CPU
		{E1EF8185-9967-4A76-BD25-E8DFE3B29F37}.Debug|Any CPU.ActiveCfg = Debug|Any CPU
		{E1EF8185-9967-4A76-BD25-E8DFE3B29F37}.Debug|Any CPU.Build.0 = Debug|Any CPU
		{E1EF8185-9967-4A76-BD25-E8DFE3B29F37}.Release|Any CPU.ActiveCfg = Release|Any CPU
		{E1EF8185-9967-4A76-BD25-E8DFE3B29F37}.Release|Any CPU.Build.0 = Release|Any CPU
	EndGlobalSection
	GlobalSection(SolutionProperties) = preSolution
		HideSolutionNode = FALSE
	EndGlobalSection
	GlobalSection(ExtensibilityGlobals) = postSolution
		SolutionGuid = {5547815D-6518-459E-BE02-95550818E2C5}
	EndGlobalSection
EndGlobal
