
Microsoft Visual Studio Solution File, Format Version 12.00
# Visual Studio Version 17
VisualStudioVersion = 17.5.33530.505
MinimumVisualStudioVersion = 10.0.40219.1
Project("{FAE04EC0-301F-11D3-BF4B-00C04F79EFBC}") = "FizzBuzz.Tests", "FizzBuzz.Tests.csproj", "{748FD2A5-417F-41F6-8D0F-021417708B09}"
EndProject
Project("{FAE04EC0-301F-11D3-BF4B-00C04F79EFBC}") = "FizzBuzz", "..\FizzBuzz\FizzBuzz.csproj", "{F67C5E23-AEAA-449C-81EE-87AC50D73F53}"
EndProject
Global
	GlobalSection(SolutionConfigurationPlatforms) = preSolution
		Debug|Any CPU = Debug|Any CPU
		Release|Any CPU = Release|Any CPU
	EndGlobalSection
	GlobalSection(ProjectConfigurationPlatforms) = postSolution
		{748FD2A5-417F-41F6-8D0F-021417708B09}.Debug|Any CPU.ActiveCfg = Debug|Any CPU
		{748FD2A5-417F-41F6-8D0F-021417708B09}.Debug|Any CPU.Build.0 = Debug|Any CPU
		{748FD2A5-417F-41F6-8D0F-021417708B09}.Release|Any CPU.ActiveCfg = Release|Any CPU
		{748FD2A5-417F-41F6-8D0F-021417708B09}.Release|Any CPU.Build.0 = Release|Any CPU
		{F67C5E23-AEAA-449C-81EE-87AC50D73F53}.Debug|Any CPU.ActiveCfg = Debug|Any CPU
		{F67C5E23-AEAA-449C-81EE-87AC50D73F53}.Debug|Any CPU.Build.0 = Debug|Any CPU
		{F67C5E23-AEAA-449C-81EE-87AC50D73F53}.Release|Any CPU.ActiveCfg = Release|Any CPU
		{F67C5E23-AEAA-449C-81EE-87AC50D73F53}.Release|Any CPU.Build.0 = Release|Any CPU
	EndGlobalSection
	GlobalSection(SolutionProperties) = preSolution
		HideSolutionNode = FALSE
	EndGlobalSection
	GlobalSection(ExtensibilityGlobals) = postSolution
		SolutionGuid = {D1D2453D-388A-4134-A73B-B46CBAFB02C6}
	EndGlobalSection
EndGlobal
