
Microsoft Visual Studio Solution File, Format Version 12.00
# Visual Studio Version 17
VisualStudioVersion = 17.5.33530.505
MinimumVisualStudioVersion = 10.0.40219.1
Project("{9A19103F-16F7-4668-BE54-9A1E7A4F7556}") = "Academy.Domain.Tests", "..\Academy.Domain.Tests\Academy.Domain.Tests.csproj", "{9FC00E87-ACD5-4AE0-A3AF-53DF9CF1033E}"
EndProject
Project("{9A19103F-16F7-4668-BE54-9A1E7A4F7556}") = "Academy.Domain", "..\Academy.Domain\Academy.Domain.csproj", "{82DE5A31-BEC3-4993-9562-A2C9AA33A901}"
EndProject
Project("{2150E333-8FDC-42A3-9474-1A3956D46DE8}") = "src", "src", "{1A9BB618-90DC-4A98-8F0B-721A02C84B49}"
EndProject
Project("{2150E333-8FDC-42A3-9474-1A3956D46DE8}") = "tests", "tests", "{65831B07-A336-43C2-9B18-678ADF248950}"
EndProject
Project("{FAE04EC0-301F-11D3-BF4B-00C04F79EFBC}") = "Academy.Infrastructure.Tests", "Academy.Infrastructure.Tests\Academy.Infrastructure.Tests.csproj", "{60B2C89E-BBD3-4B1B-8A67-7936A23A2A65}"
EndProject
Project("{FAE04EC0-301F-11D3-BF4B-00C04F79EFBC}") = "Academy.Infrastructure", "Academy.Infrastructure\Academy.Infrastructure.csproj", "{2CE754C6-FAEC-4FE0-96FE-FEED5339F596}"
EndProject
Project("{FAE04EC0-301F-11D3-BF4B-00C04F79EFBC}") = "Academy.Application.Tests", "Academy.Application.Tests\Academy.Application.Tests.csproj", "{7EB9E4AD-30B6-4EC2-B186-12C7DCB0E3D8}"
EndProject
Project("{FAE04EC0-301F-11D3-BF4B-00C04F79EFBC}") = "Academy.Application", "Academy.Application\Academy.Application.csproj", "{808B6C40-2929-4C9E-9496-6F52CDFA7BF7}"
EndProject
Global
	GlobalSection(SolutionConfigurationPlatforms) = preSolution
		Debug|Any CPU = Debug|Any CPU
		Release|Any CPU = Release|Any CPU
	EndGlobalSection
	GlobalSection(ProjectConfigurationPlatforms) = postSolution
		{9FC00E87-ACD5-4AE0-A3AF-53DF9CF1033E}.Debug|Any CPU.ActiveCfg = Debug|Any CPU
		{9FC00E87-ACD5-4AE0-A3AF-53DF9CF1033E}.Debug|Any CPU.Build.0 = Debug|Any CPU
		{9FC00E87-ACD5-4AE0-A3AF-53DF9CF1033E}.Release|Any CPU.ActiveCfg = Release|Any CPU
		{9FC00E87-ACD5-4AE0-A3AF-53DF9CF1033E}.Release|Any CPU.Build.0 = Release|Any CPU
		{82DE5A31-BEC3-4993-9562-A2C9AA33A901}.Debug|Any CPU.ActiveCfg = Debug|Any CPU
		{82DE5A31-BEC3-4993-9562-A2C9AA33A901}.Debug|Any CPU.Build.0 = Debug|Any CPU
		{82DE5A31-BEC3-4993-9562-A2C9AA33A901}.Release|Any CPU.ActiveCfg = Release|Any CPU
		{82DE5A31-BEC3-4993-9562-A2C9AA33A901}.Release|Any CPU.Build.0 = Release|Any CPU
		{60B2C89E-BBD3-4B1B-8A67-7936A23A2A65}.Debug|Any CPU.ActiveCfg = Debug|Any CPU
		{60B2C89E-BBD3-4B1B-8A67-7936A23A2A65}.Debug|Any CPU.Build.0 = Debug|Any CPU
		{60B2C89E-BBD3-4B1B-8A67-7936A23A2A65}.Release|Any CPU.ActiveCfg = Release|Any CPU
		{60B2C89E-BBD3-4B1B-8A67-7936A23A2A65}.Release|Any CPU.Build.0 = Release|Any CPU
		{2CE754C6-FAEC-4FE0-96FE-FEED5339F596}.Debug|Any CPU.ActiveCfg = Debug|Any CPU
		{2CE754C6-FAEC-4FE0-96FE-FEED5339F596}.Debug|Any CPU.Build.0 = Debug|Any CPU
		{2CE754C6-FAEC-4FE0-96FE-FEED5339F596}.Release|Any CPU.ActiveCfg = Release|Any CPU
		{2CE754C6-FAEC-4FE0-96FE-FEED5339F596}.Release|Any CPU.Build.0 = Release|Any CPU
		{7EB9E4AD-30B6-4EC2-B186-12C7DCB0E3D8}.Debug|Any CPU.ActiveCfg = Debug|Any CPU
		{7EB9E4AD-30B6-4EC2-B186-12C7DCB0E3D8}.Debug|Any CPU.Build.0 = Debug|Any CPU
		{7EB9E4AD-30B6-4EC2-B186-12C7DCB0E3D8}.Release|Any CPU.ActiveCfg = Release|Any CPU
		{7EB9E4AD-30B6-4EC2-B186-12C7DCB0E3D8}.Release|Any CPU.Build.0 = Release|Any CPU
		{808B6C40-2929-4C9E-9496-6F52CDFA7BF7}.Debug|Any CPU.ActiveCfg = Debug|Any CPU
		{808B6C40-2929-4C9E-9496-6F52CDFA7BF7}.Debug|Any CPU.Build.0 = Debug|Any CPU
		{808B6C40-2929-4C9E-9496-6F52CDFA7BF7}.Release|Any CPU.ActiveCfg = Release|Any CPU
		{808B6C40-2929-4C9E-9496-6F52CDFA7BF7}.Release|Any CPU.Build.0 = Release|Any CPU
	EndGlobalSection
	GlobalSection(SolutionProperties) = preSolution
		HideSolutionNode = FALSE
	EndGlobalSection
	GlobalSection(NestedProjects) = preSolution
		{9FC00E87-ACD5-4AE0-A3AF-53DF9CF1033E} = {65831B07-A336-43C2-9B18-678ADF248950}
		{82DE5A31-BEC3-4993-9562-A2C9AA33A901} = {1A9BB618-90DC-4A98-8F0B-721A02C84B49}
		{60B2C89E-BBD3-4B1B-8A67-7936A23A2A65} = {65831B07-A336-43C2-9B18-678ADF248950}
		{2CE754C6-FAEC-4FE0-96FE-FEED5339F596} = {1A9BB618-90DC-4A98-8F0B-721A02C84B49}
		{7EB9E4AD-30B6-4EC2-B186-12C7DCB0E3D8} = {65831B07-A336-43C2-9B18-678ADF248950}
		{808B6C40-2929-4C9E-9496-6F52CDFA7BF7} = {1A9BB618-90DC-4A98-8F0B-721A02C84B49}
	EndGlobalSection
	GlobalSection(ExtensibilityGlobals) = postSolution
		SolutionGuid = {F78847FD-2E04-43CE-9CCC-865788F4A71B}
	EndGlobalSection
EndGlobal
