
Microsoft Visual Studio Solution File, Format Version 12.00
# Visual Studio Version 17
VisualStudioVersion = 17.5.33530.505
MinimumVisualStudioVersion = 10.0.40219.1
Project("{FAE04EC0-301F-11D3-BF4B-00C04F79EFBC}") = "Academy.Domain.Tests", "..\Academy.Domain.Tests\Academy.Domain.Tests.csproj", "{9FC00E87-ACD5-4AE0-A3AF-53DF9CF1033E}"
EndProject
Global
	GlobalSection(SolutionConfigurationPlatforms) = preSolution
		Debug|Any CPU = Debug|Any CPU
		Release|Any CPU = Release|Any CPU
	EndGlobalSection
	GlobalSection(ProjectConfigurationPlatforms) = postSolution
		{9FC00E87-ACD5-4AE0-A3AF-53DF9CF1033E}.Debug|Any CPU.ActiveCfg = Debug|Any CPU
		{9FC00E87-ACD5-4AE0-A3AF-53DF9CF1033E}.Debug|Any CPU.Build.0 = Debug|Any CPU
		{9FC00E87-ACD5-4AE0-A3AF-53DF9CF1033E}.Release|Any CPU.ActiveCfg = Release|Any CPU
		{9FC00E87-ACD5-4AE0-A3AF-53DF9CF1033E}.Release|Any CPU.Build.0 = Release|Any CPU
	EndGlobalSection
	GlobalSection(SolutionProperties) = preSolution
		HideSolutionNode = FALSE
	EndGlobalSection
	GlobalSection(ExtensibilityGlobals) = postSolution
		SolutionGuid = {F78847FD-2E04-43CE-9CCC-865788F4A71B}
	EndGlobalSection
EndGlobal
